// !$*UTF8*$!
{
	archiveVersion = 1;
	classes = {
	};
	objectVersion = 55;
	objects = {

/* Begin PBXBuildFile section */
		32058D0727F5BB0C00159F29 /* Info1111App.swift in Sources */ = {isa = PBXBuildFile; fileRef = 32058D0627F5BB0C00159F29 /* Info1111App.swift */; };
		32058D0927F5BB0C00159F29 /* ContentView.swift in Sources */ = {isa = PBXBuildFile; fileRef = 32058D0827F5BB0C00159F29 /* ContentView.swift */; };
		32058D0B27F5BB1100159F29 /* Assets.xcassets in Resources */ = {isa = PBXBuildFile; fileRef = 32058D0A27F5BB1100159F29 /* Assets.xcassets */; };
		32058D0E27F5BB1100159F29 /* Preview Assets.xcassets in Resources */ = {isa = PBXBuildFile; fileRef = 32058D0D27F5BB1100159F29 /* Preview Assets.xcassets */; };
		32058D1827F5BB1200159F29 /* Info1111Tests.swift in Sources */ = {isa = PBXBuildFile; fileRef = 32058D1727F5BB1200159F29 /* Info1111Tests.swift */; };
		32058D2227F5BB1200159F29 /* Info1111UITests.swift in Sources */ = {isa = PBXBuildFile; fileRef = 32058D2127F5BB1200159F29 /* Info1111UITests.swift */; };
		32058D2427F5BB1200159F29 /* Info1111UITestsLaunchTests.swift in Sources */ = {isa = PBXBuildFile; fileRef = 32058D2327F5BB1200159F29 /* Info1111UITestsLaunchTests.swift */; };
		32058D3127F5BB6A00159F29 /* NotesManager.swift in Sources */ = {isa = PBXBuildFile; fileRef = 32058D3027F5BB6A00159F29 /* NotesManager.swift */; };
		32058D3327F5BB9600159F29 /* NoteModel.swift in Sources */ = {isa = PBXBuildFile; fileRef = 32058D3227F5BB9600159F29 /* NoteModel.swift */; };
		32058D3A27F5C16F00159F29 /* NoteView.swift in Sources */ = {isa = PBXBuildFile; fileRef = 32058D3927F5C16F00159F29 /* NoteView.swift */; };
		32058D4127F5CFF700159F29 /* GoogleService-Info.plist in Resources */ = {isa = PBXBuildFile; fileRef = 32058D4027F5CFF700159F29 /* GoogleService-Info.plist */; };
		32058D4327F5D34800159F29 /* NewNoteView.swift in Sources */ = {isa = PBXBuildFile; fileRef = 32058D4227F5D34800159F29 /* NewNoteView.swift */; };
		3291BF5C2823E27800A61DF1 /* SessionService.swift in Sources */ = {isa = PBXBuildFile; fileRef = 3291BF5B2823E27800A61DF1 /* SessionService.swift */; };
		3291BF642823ECCF00A61DF1 /* FirebaseAuth in Frameworks */ = {isa = PBXBuildFile; productRef = 3291BF632823ECCF00A61DF1 /* FirebaseAuth */; };
		3291BF662823ECCF00A61DF1 /* FirebaseFirestore in Frameworks */ = {isa = PBXBuildFile; productRef = 3291BF652823ECCF00A61DF1 /* FirebaseFirestore */; };
		3291BF682823ECCF00A61DF1 /* FirebaseFirestoreSwift in Frameworks */ = {isa = PBXBuildFile; productRef = 3291BF672823ECCF00A61DF1 /* FirebaseFirestoreSwift */; };
		329685B62823DA10002137A1 /* AuthView.swift in Sources */ = {isa = PBXBuildFile; fileRef = 329685B52823DA10002137A1 /* AuthView.swift */; };
/* End PBXBuildFile section */

/* Begin PBXContainerItemProxy section */
		32058D1427F5BB1200159F29 /* PBXContainerItemProxy */ = {
			isa = PBXContainerItemProxy;
			containerPortal = 32058CFB27F5BB0C00159F29 /* Project object */;
			proxyType = 1;
			remoteGlobalIDString = 32058D0227F5BB0C00159F29;
			remoteInfo = Info1111;
		};
		32058D1E27F5BB1200159F29 /* PBXContainerItemProxy */ = {
			isa = PBXContainerItemProxy;
			containerPortal = 32058CFB27F5BB0C00159F29 /* Project object */;
			proxyType = 1;
			remoteGlobalIDString = 32058D0227F5BB0C00159F29;
			remoteInfo = Info1111;
		};
/* End PBXContainerItemProxy section */

/* Begin PBXFileReference section */
		32058D0327F5BB0C00159F29 /* Info1111.app */ = {isa = PBXFileReference; explicitFileType = wrapper.application; includeInIndex = 0; path = Info1111.app; sourceTree = BUILT_PRODUCTS_DIR; };
		32058D0627F5BB0C00159F29 /* Info1111App.swift */ = {isa = PBXFileReference; lastKnownFileType = sourcecode.swift; path = Info1111App.swift; sourceTree = "<group>"; };
		32058D0827F5BB0C00159F29 /* ContentView.swift */ = {isa = PBXFileReference; lastKnownFileType = sourcecode.swift; path = ContentView.swift; sourceTree = "<group>"; };
		32058D0A27F5BB1100159F29 /* Assets.xcassets */ = {isa = PBXFileReference; lastKnownFileType = folder.assetcatalog; path = Assets.xcassets; sourceTree = "<group>"; };
		32058D0D27F5BB1100159F29 /* Preview Assets.xcassets */ = {isa = PBXFileReference; lastKnownFileType = folder.assetcatalog; path = "Preview Assets.xcassets"; sourceTree = "<group>"; };
		32058D1327F5BB1200159F29 /* Info1111Tests.xctest */ = {isa = PBXFileReference; explicitFileType = wrapper.cfbundle; includeInIndex = 0; path = Info1111Tests.xctest; sourceTree = BUILT_PRODUCTS_DIR; };
		32058D1727F5BB1200159F29 /* Info1111Tests.swift */ = {isa = PBXFileReference; lastKnownFileType = sourcecode.swift; path = Info1111Tests.swift; sourceTree = "<group>"; };
		32058D1D27F5BB1200159F29 /* Info1111UITests.xctest */ = {isa = PBXFileReference; explicitFileType = wrapper.cfbundle; includeInIndex = 0; path = Info1111UITests.xctest; sourceTree = BUILT_PRODUCTS_DIR; };
		32058D2127F5BB1200159F29 /* Info1111UITests.swift */ = {isa = PBXFileReference; lastKnownFileType = sourcecode.swift; path = Info1111UITests.swift; sourceTree = "<group>"; };
		32058D2327F5BB1200159F29 /* Info1111UITestsLaunchTests.swift */ = {isa = PBXFileReference; lastKnownFileType = sourcecode.swift; path = Info1111UITestsLaunchTests.swift; sourceTree = "<group>"; };
		32058D3027F5BB6A00159F29 /* NotesManager.swift */ = {isa = PBXFileReference; lastKnownFileType = sourcecode.swift; path = NotesManager.swift; sourceTree = "<group>"; };
		32058D3227F5BB9600159F29 /* NoteModel.swift */ = {isa = PBXFileReference; lastKnownFileType = sourcecode.swift; path = NoteModel.swift; sourceTree = "<group>"; };
		32058D3927F5C16F00159F29 /* NoteView.swift */ = {isa = PBXFileReference; lastKnownFileType = sourcecode.swift; path = NoteView.swift; sourceTree = "<group>"; };
		32058D4027F5CFF700159F29 /* GoogleService-Info.plist */ = {isa = PBXFileReference; fileEncoding = 4; lastKnownFileType = text.plist.xml; path = "GoogleService-Info.plist"; sourceTree = "<group>"; };
		32058D4227F5D34800159F29 /* NewNoteView.swift */ = {isa = PBXFileReference; lastKnownFileType = sourcecode.swift; path = NewNoteView.swift; sourceTree = "<group>"; };
		3291BF5B2823E27800A61DF1 /* SessionService.swift */ = {isa = PBXFileReference; lastKnownFileType = sourcecode.swift; path = SessionService.swift; sourceTree = "<group>"; };
		329685B52823DA10002137A1 /* AuthView.swift */ = {isa = PBXFileReference; lastKnownFileType = sourcecode.swift; path = AuthView.swift; sourceTree = "<group>"; };
/* End PBXFileReference section */

/* Begin PBXFrameworksBuildPhase section */
		32058D0027F5BB0C00159F29 /* Frameworks */ = {
			isa = PBXFrameworksBuildPhase;
			buildActionMask = 2147483647;
			files = (
				3291BF642823ECCF00A61DF1 /* FirebaseAuth in Frameworks */,
				3291BF662823ECCF00A61DF1 /* FirebaseFirestore in Frameworks */,
				3291BF682823ECCF00A61DF1 /* FirebaseFirestoreSwift in Frameworks */,
			);
			runOnlyForDeploymentPostprocessing = 0;
		};
		32058D1027F5BB1200159F29 /* Frameworks */ = {
			isa = PBXFrameworksBuildPhase;
			buildActionMask = 2147483647;
			files = (
			);
			runOnlyForDeploymentPostprocessing = 0;
		};
		32058D1A27F5BB1200159F29 /* Frameworks */ = {
			isa = PBXFrameworksBuildPhase;
			buildActionMask = 2147483647;
			files = (
			);
			runOnlyForDeploymentPostprocessing = 0;
		};
/* End PBXFrameworksBuildPhase section */

/* Begin PBXGroup section */
		32058CFA27F5BB0C00159F29 = {
			isa = PBXGroup;
			children = (
				32058D4027F5CFF700159F29 /* GoogleService-Info.plist */,
				32058D0527F5BB0C00159F29 /* Info1111 */,
				32058D1627F5BB1200159F29 /* Info1111Tests */,
				32058D2027F5BB1200159F29 /* Info1111UITests */,
				32058D0427F5BB0C00159F29 /* Products */,
			);
			sourceTree = "<group>";
		};
		32058D0427F5BB0C00159F29 /* Products */ = {
			isa = PBXGroup;
			children = (
				32058D0327F5BB0C00159F29 /* Info1111.app */,
				32058D1327F5BB1200159F29 /* Info1111Tests.xctest */,
				32058D1D27F5BB1200159F29 /* Info1111UITests.xctest */,
			);
			name = Products;
			sourceTree = "<group>";
		};
		32058D0527F5BB0C00159F29 /* Info1111 */ = {
			isa = PBXGroup;
			children = (
				32058D0627F5BB0C00159F29 /* Info1111App.swift */,
				32058D3927F5C16F00159F29 /* NoteView.swift */,
				32058D3027F5BB6A00159F29 /* NotesManager.swift */,
				32058D3227F5BB9600159F29 /* NoteModel.swift */,
				32058D0827F5BB0C00159F29 /* ContentView.swift */,
				329685B52823DA10002137A1 /* AuthView.swift */,
				3291BF5B2823E27800A61DF1 /* SessionService.swift */,
				32058D4227F5D34800159F29 /* NewNoteView.swift */,
				32058D0A27F5BB1100159F29 /* Assets.xcassets */,
				32058D0C27F5BB1100159F29 /* Preview Content */,
			);
			path = Info1111;
			sourceTree = "<group>";
		};
		32058D0C27F5BB1100159F29 /* Preview Content */ = {
			isa = PBXGroup;
			children = (
				32058D0D27F5BB1100159F29 /* Preview Assets.xcassets */,
			);
			path = "Preview Content";
			sourceTree = "<group>";
		};
		32058D1627F5BB1200159F29 /* Info1111Tests */ = {
			isa = PBXGroup;
			children = (
				32058D1727F5BB1200159F29 /* Info1111Tests.swift */,
			);
			path = Info1111Tests;
			sourceTree = "<group>";
		};
		32058D2027F5BB1200159F29 /* Info1111UITests */ = {
			isa = PBXGroup;
			children = (
				32058D2127F5BB1200159F29 /* Info1111UITests.swift */,
				32058D2327F5BB1200159F29 /* Info1111UITestsLaunchTests.swift */,
			);
			path = Info1111UITests;
			sourceTree = "<group>";
		};
/* End PBXGroup section */

/* Begin PBXNativeTarget section */
		32058D0227F5BB0C00159F29 /* Info1111 */ = {
			isa = PBXNativeTarget;
			buildConfigurationList = 32058D2727F5BB1200159F29 /* Build configuration list for PBXNativeTarget "Info1111" */;
			buildPhases = (
				32058CFF27F5BB0C00159F29 /* Sources */,
				32058D0027F5BB0C00159F29 /* Frameworks */,
				32058D0127F5BB0C00159F29 /* Resources */,
			);
			buildRules = (
			);
			dependencies = (
			);
			name = Info1111;
			packageProductDependencies = (
				3291BF632823ECCF00A61DF1 /* FirebaseAuth */,
				3291BF652823ECCF00A61DF1 /* FirebaseFirestore */,
				3291BF672823ECCF00A61DF1 /* FirebaseFirestoreSwift */,
			);
			productName = Info1111;
			productReference = 32058D0327F5BB0C00159F29 /* Info1111.app */;
			productType = "com.apple.product-type.application";
		};
		32058D1227F5BB1200159F29 /* Info1111Tests */ = {
			isa = PBXNativeTarget;
			buildConfigurationList = 32058D2A27F5BB1200159F29 /* Build configuration list for PBXNativeTarget "Info1111Tests" */;
			buildPhases = (
				32058D0F27F5BB1200159F29 /* Sources */,
				32058D1027F5BB1200159F29 /* Frameworks */,
				32058D1127F5BB1200159F29 /* Resources */,
			);
			buildRules = (
			);
			dependencies = (
				32058D1527F5BB1200159F29 /* PBXTargetDependency */,
			);
			name = Info1111Tests;
			productName = Info1111Tests;
			productReference = 32058D1327F5BB1200159F29 /* Info1111Tests.xctest */;
			productType = "com.apple.product-type.bundle.unit-test";
		};
		32058D1C27F5BB1200159F29 /* Info1111UITests */ = {
			isa = PBXNativeTarget;
			buildConfigurationList = 32058D2D27F5BB1200159F29 /* Build configuration list for PBXNativeTarget "Info1111UITests" */;
			buildPhases = (
				32058D1927F5BB1200159F29 /* Sources */,
				32058D1A27F5BB1200159F29 /* Frameworks */,
				32058D1B27F5BB1200159F29 /* Resources */,
			);
			buildRules = (
			);
			dependencies = (
				32058D1F27F5BB1200159F29 /* PBXTargetDependency */,
			);
			name = Info1111UITests;
			productName = Info1111UITests;
			productReference = 32058D1D27F5BB1200159F29 /* Info1111UITests.xctest */;
			productType = "com.apple.product-type.bundle.ui-testing";
		};
/* End PBXNativeTarget section */

/* Begin PBXProject section */
		32058CFB27F5BB0C00159F29 /* Project object */ = {
			isa = PBXProject;
			attributes = {
				BuildIndependentTargetsInParallel = 1;
				LastSwiftUpdateCheck = 1320;
				LastUpgradeCheck = 1320;
				TargetAttributes = {
					32058D0227F5BB0C00159F29 = {
						CreatedOnToolsVersion = 13.2.1;
					};
					32058D1227F5BB1200159F29 = {
						CreatedOnToolsVersion = 13.2.1;
						TestTargetID = 32058D0227F5BB0C00159F29;
					};
					32058D1C27F5BB1200159F29 = {
						CreatedOnToolsVersion = 13.2.1;
						TestTargetID = 32058D0227F5BB0C00159F29;
					};
				};
			};
			buildConfigurationList = 32058CFE27F5BB0C00159F29 /* Build configuration list for PBXProject "Info1111" */;
			compatibilityVersion = "Xcode 13.0";
			developmentRegion = en;
			hasScannedForEncodings = 0;
			knownRegions = (
				en,
				Base,
			);
			mainGroup = 32058CFA27F5BB0C00159F29;
			packageReferences = (
				3291BF622823ECCF00A61DF1 /* XCRemoteSwiftPackageReference "firebase-ios-sdk" */,
			);
			productRefGroup = 32058D0427F5BB0C00159F29 /* Products */;
			projectDirPath = "";
			projectRoot = "";
			targets = (
				32058D0227F5BB0C00159F29 /* Info1111 */,
				32058D1227F5BB1200159F29 /* Info1111Tests */,
				32058D1C27F5BB1200159F29 /* Info1111UITests */,
			);
		};
/* End PBXProject section */

/* Begin PBXResourcesBuildPhase section */
		32058D0127F5BB0C00159F29 /* Resources */ = {
			isa = PBXResourcesBuildPhase;
			buildActionMask = 2147483647;
			files = (
				32058D4127F5CFF700159F29 /* GoogleService-Info.plist in Resources */,
				32058D0E27F5BB1100159F29 /* Preview Assets.xcassets in Resources */,
				32058D0B27F5BB1100159F29 /* Assets.xcassets in Resources */,
			);
			runOnlyForDeploymentPostprocessing = 0;
		};
		32058D1127F5BB1200159F29 /* Resources */ = {
			isa = PBXResourcesBuildPhase;
			buildActionMask = 2147483647;
			files = (
			);
			runOnlyForDeploymentPostprocessing = 0;
		};
		32058D1B27F5BB1200159F29 /* Resources */ = {
			isa = PBXResourcesBuildPhase;
			buildActionMask = 2147483647;
			files = (
			);
			runOnlyForDeploymentPostprocessing = 0;
		};
/* End PBXResourcesBuildPhase section */

/* Begin PBXSourcesBuildPhase section */
		32058CFF27F5BB0C00159F29 /* Sources */ = {
			isa = PBXSourcesBuildPhase;
			buildActionMask = 2147483647;
			files = (
				329685B62823DA10002137A1 /* AuthView.swift in Sources */,
				32058D0927F5BB0C00159F29 /* ContentView.swift in Sources */,
				32058D4327F5D34800159F29 /* NewNoteView.swift in Sources */,
				32058D3A27F5C16F00159F29 /* NoteView.swift in Sources */,
				3291BF5C2823E27800A61DF1 /* SessionService.swift in Sources */,
				32058D3327F5BB9600159F29 /* NoteModel.swift in Sources */,
				32058D3127F5BB6A00159F29 /* NotesManager.swift in Sources */,
				32058D0727F5BB0C00159F29 /* Info1111App.swift in Sources */,
			);
			runOnlyForDeploymentPostprocessing = 0;
		};
		32058D0F27F5BB1200159F29 /* Sources */ = {
			isa = PBXSourcesBuildPhase;
			buildActionMask = 2147483647;
			files = (
				32058D1827F5BB1200159F29 /* Info1111Tests.swift in Sources */,
			);
			runOnlyForDeploymentPostprocessing = 0;
		};
		32058D1927F5BB1200159F29 /* Sources */ = {
			isa = PBXSourcesBuildPhase;
			buildActionMask = 2147483647;
			files = (
				32058D2427F5BB1200159F29 /* Info1111UITestsLaunchTests.swift in Sources */,
				32058D2227F5BB1200159F29 /* Info1111UITests.swift in Sources */,
			);
			runOnlyForDeploymentPostprocessing = 0;
		};
/* End PBXSourcesBuildPhase section */

/* Begin PBXTargetDependency section */
		32058D1527F5BB1200159F29 /* PBXTargetDependency */ = {
			isa = PBXTargetDependency;
			target = 32058D0227F5BB0C00159F29 /* Info1111 */;
			targetProxy = 32058D1427F5BB1200159F29 /* PBXContainerItemProxy */;
		};
		32058D1F27F5BB1200159F29 /* PBXTargetDependency */ = {
			isa = PBXTargetDependency;
			target = 32058D0227F5BB0C00159F29 /* Info1111 */;
			targetProxy = 32058D1E27F5BB1200159F29 /* PBXContainerItemProxy */;
		};
/* End PBXTargetDependency section */

/* Begin XCBuildConfiguration section */
		32058D2527F5BB1200159F29 /* Debug */ = {
			isa = XCBuildConfiguration;
			buildSettings = {
				ALWAYS_SEARCH_USER_PATHS = NO;
				CLANG_ANALYZER_NONNULL = YES;
				CLANG_ANALYZER_NUMBER_OBJECT_CONVERSION = YES_AGGRESSIVE;
				CLANG_CXX_LANGUAGE_STANDARD = "gnu++17";
				CLANG_CXX_LIBRARY = "libc++";
				CLANG_ENABLE_MODULES = YES;
				CLANG_ENABLE_OBJC_ARC = YES;
				CLANG_ENABLE_OBJC_WEAK = YES;
				CLANG_WARN_BLOCK_CAPTURE_AUTORELEASING = YES;
				CLANG_WARN_BOOL_CONVERSION = YES;
				CLANG_WARN_COMMA = YES;
				CLANG_WARN_CONSTANT_CONVERSION = YES;
				CLANG_WARN_DEPRECATED_OBJC_IMPLEMENTATIONS = YES;
				CLANG_WARN_DIRECT_OBJC_ISA_USAGE = YES_ERROR;
				CLANG_WARN_DOCUMENTATION_COMMENTS = YES;
				CLANG_WARN_EMPTY_BODY = YES;
				CLANG_WARN_ENUM_CONVERSION = YES;
				CLANG_WARN_INFINITE_RECURSION = YES;
				CLANG_WARN_INT_CONVERSION = YES;
				CLANG_WARN_NON_LITERAL_NULL_CONVERSION = YES;
				CLANG_WARN_OBJC_IMPLICIT_RETAIN_SELF = YES;
				CLANG_WARN_OBJC_LITERAL_CONVERSION = YES;
				CLANG_WARN_OBJC_ROOT_CLASS = YES_ERROR;
				CLANG_WARN_QUOTED_INCLUDE_IN_FRAMEWORK_HEADER = YES;
				CLANG_WARN_RANGE_LOOP_ANALYSIS = YES;
				CLANG_WARN_STRICT_PROTOTYPES = YES;
				CLANG_WARN_SUSPICIOUS_MOVE = YES;
				CLANG_WARN_UNGUARDED_AVAILABILITY = YES_AGGRESSIVE;
				CLANG_WARN_UNREACHABLE_CODE = YES;
				CLANG_WARN__DUPLICATE_METHOD_MATCH = YES;
				COPY_PHASE_STRIP = NO;
				DEBUG_INFORMATION_FORMAT = dwarf;
				ENABLE_STRICT_OBJC_MSGSEND = YES;
				ENABLE_TESTABILITY = YES;
				GCC_C_LANGUAGE_STANDARD = gnu11;
				GCC_DYNAMIC_NO_PIC = NO;
				GCC_NO_COMMON_BLOCKS = YES;
				GCC_OPTIMIZATION_LEVEL = 0;
				GCC_PREPROCESSOR_DEFINITIONS = (
					"DEBUG=1",
					"$(inherited)",
				);
				GCC_WARN_64_TO_32_BIT_CONVERSION = YES;
				GCC_WARN_ABOUT_RETURN_TYPE = YES_ERROR;
				GCC_WARN_UNDECLARED_SELECTOR = YES;
				GCC_WARN_UNINITIALIZED_AUTOS = YES_AGGRESSIVE;
				GCC_WARN_UNUSED_FUNCTION = YES;
				GCC_WARN_UNUSED_VARIABLE = YES;
				IPHONEOS_DEPLOYMENT_TARGET = 15.2;
				MTL_ENABLE_DEBUG_INFO = INCLUDE_SOURCE;
				MTL_FAST_MATH = YES;
				ONLY_ACTIVE_ARCH = YES;
				SDKROOT = iphoneos;
				SWIFT_ACTIVE_COMPILATION_CONDITIONS = DEBUG;
				SWIFT_OPTIMIZATION_LEVEL = "-Onone";
			};
			name = Debug;
		};
		32058D2627F5BB1200159F29 /* Release */ = {
			isa = XCBuildConfiguration;
			buildSettings = {
				ALWAYS_SEARCH_USER_PATHS = NO;
				CLANG_ANALYZER_NONNULL = YES;
				CLANG_ANALYZER_NUMBER_OBJECT_CONVERSION = YES_AGGRESSIVE;
				CLANG_CXX_LANGUAGE_STANDARD = "gnu++17";
				CLANG_CXX_LIBRARY = "libc++";
				CLANG_ENABLE_MODULES = YES;
				CLANG_ENABLE_OBJC_ARC = YES;
				CLANG_ENABLE_OBJC_WEAK = YES;
				CLANG_WARN_BLOCK_CAPTURE_AUTORELEASING = YES;
				CLANG_WARN_BOOL_CONVERSION = YES;
				CLANG_WARN_COMMA = YES;
				CLANG_WARN_CONSTANT_CONVERSION = YES;
				CLANG_WARN_DEPRECATED_OBJC_IMPLEMENTATIONS = YES;
				CLANG_WARN_DIRECT_OBJC_ISA_USAGE = YES_ERROR;
				CLANG_WARN_DOCUMENTATION_COMMENTS = YES;
				CLANG_WARN_EMPTY_BODY = YES;
				CLANG_WARN_ENUM_CONVERSION = YES;
				CLANG_WARN_INFINITE_RECURSION = YES;
				CLANG_WARN_INT_CONVERSION = YES;
				CLANG_WARN_NON_LITERAL_NULL_CONVERSION = YES;
				CLANG_WARN_OBJC_IMPLICIT_RETAIN_SELF = YES;
				CLANG_WARN_OBJC_LITERAL_CONVERSION = YES;
				CLANG_WARN_OBJC_ROOT_CLASS = YES_ERROR;
				CLANG_WARN_QUOTED_INCLUDE_IN_FRAMEWORK_HEADER = YES;
				CLANG_WARN_RANGE_LOOP_ANALYSIS = YES;
				CLANG_WARN_STRICT_PROTOTYPES = YES;
				CLANG_WARN_SUSPICIOUS_MOVE = YES;
				CLANG_WARN_UNGUARDED_AVAILABILITY = YES_AGGRESSIVE;
				CLANG_WARN_UNREACHABLE_CODE = YES;
				CLANG_WARN__DUPLICATE_METHOD_MATCH = YES;
				COPY_PHASE_STRIP = NO;
				DEBUG_INFORMATION_FORMAT = "dwarf-with-dsym";
				ENABLE_NS_ASSERTIONS = NO;
				ENABLE_STRICT_OBJC_MSGSEND = YES;
				GCC_C_LANGUAGE_STANDARD = gnu11;
				GCC_NO_COMMON_BLOCKS = YES;
				GCC_WARN_64_TO_32_BIT_CONVERSION = YES;
				GCC_WARN_ABOUT_RETURN_TYPE = YES_ERROR;
				GCC_WARN_UNDECLARED_SELECTOR = YES;
				GCC_WARN_UNINITIALIZED_AUTOS = YES_AGGRESSIVE;
				GCC_WARN_UNUSED_FUNCTION = YES;
				GCC_WARN_UNUSED_VARIABLE = YES;
				IPHONEOS_DEPLOYMENT_TARGET = 15.2;
				MTL_ENABLE_DEBUG_INFO = NO;
				MTL_FAST_MATH = YES;
				SDKROOT = iphoneos;
				SWIFT_COMPILATION_MODE = wholemodule;
				SWIFT_OPTIMIZATION_LEVEL = "-O";
				VALIDATE_PRODUCT = YES;
			};
			name = Release;
		};
		32058D2827F5BB1200159F29 /* Debug */ = {
			isa = XCBuildConfiguration;
			buildSettings = {
				ASSETCATALOG_COMPILER_APPICON_NAME = AppIcon;
				ASSETCATALOG_COMPILER_GLOBAL_ACCENT_COLOR_NAME = AccentColor;
				CODE_SIGN_STYLE = Automatic;
				CURRENT_PROJECT_VERSION = 1;
				DEVELOPMENT_ASSET_PATHS = "\"Info1111/Preview Content\"";
				DEVELOPMENT_TEAM = 9242TRDNX5;
				ENABLE_PREVIEWS = YES;
				GENERATE_INFOPLIST_FILE = YES;
				INFOPLIST_KEY_UIApplicationSceneManifest_Generation = YES;
				INFOPLIST_KEY_UIApplicationSupportsIndirectInputEvents = YES;
				INFOPLIST_KEY_UILaunchScreen_Generation = YES;
				INFOPLIST_KEY_UISupportedInterfaceOrientations_iPad = "UIInterfaceOrientationPortrait UIInterfaceOrientationPortraitUpsideDown UIInterfaceOrientationLandscapeLeft UIInterfaceOrientationLandscapeRight";
				INFOPLIST_KEY_UISupportedInterfaceOrientations_iPhone = "UIInterfaceOrientationPortrait UIInterfaceOrientationLandscapeLeft UIInterfaceOrientationLandscapeRight";
				LD_RUNPATH_SEARCH_PATHS = (
					"$(inherited)",
					"@executable_path/Frameworks",
				);
				MARKETING_VERSION = 1.0;
				PRODUCT_BUNDLE_IDENTIFIER = Info1111.App;
				PRODUCT_NAME = "$(TARGET_NAME)";
				SWIFT_EMIT_LOC_STRINGS = YES;
				SWIFT_VERSION = 5.0;
				TARGETED_DEVICE_FAMILY = "1,2";
			};
			name = Debug;
		};
		32058D2927F5BB1200159F29 /* Release */ = {
			isa = XCBuildConfiguration;
			buildSettings = {
				ASSETCATALOG_COMPILER_APPICON_NAME = AppIcon;
				ASSETCATALOG_COMPILER_GLOBAL_ACCENT_COLOR_NAME = AccentColor;
				CODE_SIGN_STYLE = Automatic;
				CURRENT_PROJECT_VERSION = 1;
				DEVELOPMENT_ASSET_PATHS = "\"Info1111/Preview Content\"";
				DEVELOPMENT_TEAM = 9242TRDNX5;
				ENABLE_PREVIEWS = YES;
				GENERATE_INFOPLIST_FILE = YES;
				INFOPLIST_KEY_UIApplicationSceneManifest_Generation = YES;
				INFOPLIST_KEY_UIApplicationSupportsIndirectInputEvents = YES;
				INFOPLIST_KEY_UILaunchScreen_Generation = YES;
				INFOPLIST_KEY_UISupportedInterfaceOrientations_iPad = "UIInterfaceOrientationPortrait UIInterfaceOrientationPortraitUpsideDown UIInterfaceOrientationLandscapeLeft UIInterfaceOrientationLandscapeRight";
				INFOPLIST_KEY_UISupportedInterfaceOrientations_iPhone = "UIInterfaceOrientationPortrait UIInterfaceOrientationLandscapeLeft UIInterfaceOrientationLandscapeRight";
				LD_RUNPATH_SEARCH_PATHS = (
					"$(inherited)",
					"@executable_path/Frameworks",
				);
				MARKETING_VERSION = 1.0;
				PRODUCT_BUNDLE_IDENTIFIER = Info1111.App;
				PRODUCT_NAME = "$(TARGET_NAME)";
				SWIFT_EMIT_LOC_STRINGS = YES;
				SWIFT_VERSION = 5.0;
				TARGETED_DEVICE_FAMILY = "1,2";
			};
			name = Release;
		};
		32058D2B27F5BB1200159F29 /* Debug */ = {
			isa = XCBuildConfiguration;
			buildSettings = {
				ALWAYS_EMBED_SWIFT_STANDARD_LIBRARIES = YES;
				BUNDLE_LOADER = "$(TEST_HOST)";
				CODE_SIGN_STYLE = Automatic;
				CURRENT_PROJECT_VERSION = 1;
				DEVELOPMENT_TEAM = 9242TRDNX5;
				GENERATE_INFOPLIST_FILE = YES;
				IPHONEOS_DEPLOYMENT_TARGET = 15.2;
				MARKETING_VERSION = 1.0;
				PRODUCT_BUNDLE_IDENTIFIER = Luna.Info1111Tests;
				PRODUCT_NAME = "$(TARGET_NAME)";
				SWIFT_EMIT_LOC_STRINGS = NO;
				SWIFT_VERSION = 5.0;
				TARGETED_DEVICE_FAMILY = "1,2";
				TEST_HOST = "$(BUILT_PRODUCTS_DIR)/Info1111.app/Info1111";
			};
			name = Debug;
		};
		32058D2C27F5BB1200159F29 /* Release */ = {
			isa = XCBuildConfiguration;
			buildSettings = {
				ALWAYS_EMBED_SWIFT_STANDARD_LIBRARIES = YES;
				BUNDLE_LOADER = "$(TEST_HOST)";
				CODE_SIGN_STYLE = Automatic;
				CURRENT_PROJECT_VERSION = 1;
				DEVELOPMENT_TEAM = 9242TRDNX5;
				GENERATE_INFOPLIST_FILE = YES;
				IPHONEOS_DEPLOYMENT_TARGET = 15.2;
				MARKETING_VERSION = 1.0;
				PRODUCT_BUNDLE_IDENTIFIER = Luna.Info1111Tests;
				PRODUCT_NAME = "$(TARGET_NAME)";
				SWIFT_EMIT_LOC_STRINGS = NO;
				SWIFT_VERSION = 5.0;
				TARGETED_DEVICE_FAMILY = "1,2";
				TEST_HOST = "$(BUILT_PRODUCTS_DIR)/Info1111.app/Info1111";
			};
			name = Release;
		};
		32058D2E27F5BB1200159F29 /* Debug */ = {
			isa = XCBuildConfiguration;
			buildSettings = {
				ALWAYS_EMBED_SWIFT_STANDARD_LIBRARIES = YES;
				CODE_SIGN_STYLE = Automatic;
				CURRENT_PROJECT_VERSION = 1;
				DEVELOPMENT_TEAM = 9242TRDNX5;
				GENERATE_INFOPLIST_FILE = YES;
				MARKETING_VERSION = 1.0;
				PRODUCT_BUNDLE_IDENTIFIER = Luna.Info1111UITests;
				PRODUCT_NAME = "$(TARGET_NAME)";
				SWIFT_EMIT_LOC_STRINGS = NO;
				SWIFT_VERSION = 5.0;
				TARGETED_DEVICE_FAMILY = "1,2";
				TEST_TARGET_NAME = Info1111;
			};
			name = Debug;
		};
		32058D2F27F5BB1200159F29 /* Release */ = {
			isa = XCBuildConfiguration;
			buildSettings = {
				ALWAYS_EMBED_SWIFT_STANDARD_LIBRARIES = YES;
				CODE_SIGN_STYLE = Automatic;
				CURRENT_PROJECT_VERSION = 1;
				DEVELOPMENT_TEAM = 9242TRDNX5;
				GENERATE_INFOPLIST_FILE = YES;
				MARKETING_VERSION = 1.0;
				PRODUCT_BUNDLE_IDENTIFIER = Luna.Info1111UITests;
				PRODUCT_NAME = "$(TARGET_NAME)";
				SWIFT_EMIT_LOC_STRINGS = NO;
				SWIFT_VERSION = 5.0;
				TARGETED_DEVICE_FAMILY = "1,2";
				TEST_TARGET_NAME = Info1111;
			};
			name = Release;
		};
/* End XCBuildConfiguration section */

/* Begin XCConfigurationList section */
		32058CFE27F5BB0C00159F29 /* Build configuration list for PBXProject "Info1111" */ = {
			isa = XCConfigurationList;
			buildConfigurations = (
				32058D2527F5BB1200159F29 /* Debug */,
				32058D2627F5BB1200159F29 /* Release */,
			);
			defaultConfigurationIsVisible = 0;
			defaultConfigurationName = Release;
		};
		32058D2727F5BB1200159F29 /* Build configuration list for PBXNativeTarget "Info1111" */ = {
			isa = XCConfigurationList;
			buildConfigurations = (
				32058D2827F5BB1200159F29 /* Debug */,
				32058D2927F5BB1200159F29 /* Release */,
			);
			defaultConfigurationIsVisible = 0;
			defaultConfigurationName = Release;
		};
		32058D2A27F5BB1200159F29 /* Build configuration list for PBXNativeTarget "Info1111Tests" */ = {
			isa = XCConfigurationList;
			buildConfigurations = (
				32058D2B27F5BB1200159F29 /* Debug */,
				32058D2C27F5BB1200159F29 /* Release */,
			);
			defaultConfigurationIsVisible = 0;
			defaultConfigurationName = Release;
		};
		32058D2D27F5BB1200159F29 /* Build configuration list for PBXNativeTarget "Info1111UITests" */ = {
			isa = XCConfigurationList;
			buildConfigurations = (
				32058D2E27F5BB1200159F29 /* Debug */,
				32058D2F27F5BB1200159F29 /* Release */,
			);
			defaultConfigurationIsVisible = 0;
			defaultConfigurationName = Release;
		};
/* End XCConfigurationList section */

/* Begin XCRemoteSwiftPackageReference section */
		3291BF622823ECCF00A61DF1 /* XCRemoteSwiftPackageReference "firebase-ios-sdk" */ = {
			isa = XCRemoteSwiftPackageReference;
			repositoryURL = "https://github.com/firebase/firebase-ios-sdk";
			requirement = {
				branch = master;
				kind = branch;
			};
		};
/* End XCRemoteSwiftPackageReference section */

/* Begin XCSwiftPackageProductDependency section */
		3291BF632823ECCF00A61DF1 /* FirebaseAuth */ = {
			isa = XCSwiftPackageProductDependency;
			package = 3291BF622823ECCF00A61DF1 /* XCRemoteSwiftPackageReference "firebase-ios-sdk" */;
			productName = FirebaseAuth;
		};
		3291BF652823ECCF00A61DF1 /* FirebaseFirestore */ = {
			isa = XCSwiftPackageProductDependency;
			package = 3291BF622823ECCF00A61DF1 /* XCRemoteSwiftPackageReference "firebase-ios-sdk" */;
			productName = FirebaseFirestore;
		};
		3291BF672823ECCF00A61DF1 /* FirebaseFirestoreSwift */ = {
			isa = XCSwiftPackageProductDependency;
			package = 3291BF622823ECCF00A61DF1 /* XCRemoteSwiftPackageReference "firebase-ios-sdk" */;
			productName = FirebaseFirestoreSwift;
		};
/* End XCSwiftPackageProductDependency section */
	};
	rootObject = 32058CFB27F5BB0C00159F29 /* Project object */;
}
